
Microsoft Visual Studio Solution File, Format Version 12.00
# Visual Studio Version 16
VisualStudioVersion = 16.0.30517.126
MinimumVisualStudioVersion = 10.0.40219.1
Project("{FAE04EC0-301F-11D3-BF4B-00C04F79EFBC}") = "Serialization", "Serialization\Serialization.csproj", "{FAC2AEBF-862E-4234-BA41-C4FD5135A79A}"
EndProject
Global
	GlobalSection(SolutionConfigurationPlatforms) = preSolution
		Debug|Any CPU = Debug|Any CPU
		Release|Any CPU = Release|Any CPU
	EndGlobalSection
	GlobalSection(ProjectConfigurationPlatforms) = postSolution
		{FAC2AEBF-862E-4234-BA41-C4FD5135A79A}.Debug|Any CPU.ActiveCfg = Debug|Any CPU
		{FAC2AEBF-862E-4234-BA41-C4FD5135A79A}.Debug|Any CPU.Build.0 = Debug|Any CPU
		{FAC2AEBF-862E-4234-BA41-C4FD5135A79A}.Release|Any CPU.ActiveCfg = Release|Any CPU
		{FAC2AEBF-862E-4234-BA41-C4FD5135A79A}.Release|Any CPU.Build.0 = Release|Any CPU
	EndGlobalSection
	GlobalSection(SolutionProperties) = preSolution
		HideSolutionNode = FALSE
	EndGlobalSection
	GlobalSection(ExtensibilityGlobals) = postSolution
		SolutionGuid = {AA21B0BB-7C26-4C94-B485-BD83892E7A3F}
	EndGlobalSection
EndGlobal
